{
  "name": "buildathon",
  "lockfileVersion": 3,
  "requires": true,
  "packages": {
    "": {
      "dependencies": {
        "swytchcode": "^2.23.7"
      }
    },
    "node_modules/swytchcode": {
      "version": "2.23.7",
      "resolved": "https://registry.npmjs.org/swytchcode/-/swytchcode-2.23.7.tgz",
      "integrity": "sha512-kaEc9b+QRvmxdQik8phJP0Sd33zLYBWPyaLxhfJ1neITl9w71biIxkd19qYLk2npUCvl9I5DZHRLh5qAoTOshA==",
      "hasInstallScript": true,
      "license": "MIT",
      "bin": {
        "swy": "bin/swytchcode.js",
        "swytchcode": "bin/swytchcode.js"
      },
      "engines": {
        "node": ">=14"
      },
      "optionalDependencies": {
        "swytchcode-cli-darwin-arm64": "2.23.7",
        "swytchcode-cli-darwin-x64": "2.23.7",
        "swytchcode-cli-linux-arm64": "2.23.7",
        "swytchcode-cli-linux-x64": "2.23.7",
        "swytchcode-cli-win32-arm64": "2.23.7",
        "swytchcode-cli-win32-x64": "2.23.7"
      }
    },
    "node_modules/swytchcode-cli-darwin-arm64": {
      "version": "2.23.7",
      "resolved": "https://registry.npmjs.org/swytchcode-cli-darwin-arm64/-/swytchcode-cli-darwin-arm64-2.23.7.tgz",
      "integrity": "sha512-cFhw+N01R4UI7CpQpHRK0XnGxuQMzaqL5K+9pWo3q9YTRF3PTUgHE09J+kpjr96VkMsv5Aq4E3uCfvi+QFLe5Q==",
      "cpu": [
        "arm64"
      ],
      "optional": true,
      "os": [
        "darwin"
      ]
    },
    "node_modules/swytchcode-cli-darwin-x64": {
      "version": "2.23.7",
      "resolved": "https://registry.npmjs.org/swytchcode-cli-darwin-x64/-/swytchcode-cli-darwin-x64-2.23.7.tgz",
      "integrity": "sha512-fSUew/kdTAGkf69TPeqL0+22URbCm4bItOEFxcLCKRVbUpbb1MrUALCuefAp8J1nBHwUpyeOA+e3CkqkyhBHpQ==",
      "cpu": [
        "x64"
      ],
      "optional": true,
      "os": [
        "darwin"
      ]
    },
    "node_modules/swytchcode-cli-linux-arm64": {
      "version": "2.23.7",
      "resolved": "https://registry.npmjs.org/swytchcode-cli-linux-arm64/-/swytchcode-cli-linux-arm64-2.23.7.tgz",
      "integrity": "sha512-nR/iBGNi7ALE/06YoetOrPl9RwGVFTYoMNnZFGokkMQQO6/JEACJcddffE50yfmTQ9Uo97JLmn0DWYNrMQmd7g==",
      "cpu": [
        "arm64"
      ],
      "optional": true,
      "os": [
        "linux"
      ]
    },
    "node_modules/swytchcode-cli-linux-x64": {
      "version": "2.23.7",
      "resolved": "https://registry.npmjs.org/swytchcode-cli-linux-x64/-/swytchcode-cli-linux-x64-2.23.7.tgz",
      "integrity": "sha512-Qdc7xw6CCw+HJR6jWTD/oCjpIRq5TFsWvx5ODauTaIuYGBrj/wTHTjPaxV0Cqs9TgbrD27zOon8QKnxSu5U6Ww==",
      "cpu": [
        "x64"
      ],
      "optional": true,
      "os": [
        "linux"
      ]
    },
    "node_modules/swytchcode-cli-win32-arm64": {
      "version": "2.23.7",
      "resolved": "https://registry.npmjs.org/swytchcode-cli-win32-arm64/-/swytchcode-cli-win32-arm64-2.23.7.tgz",
      "integrity": "sha512-8O3aFR/RzV065SAN6rh3bVAC4s3y5KfPvPpanjapge9MOUx6avX9AZiiJd8kl2FcEL3JIkwPCN0pgxuB5jj2xg==",
      "cpu": [
        "arm64"
      ],
      "optional": true,
      "os": [
        "win32"
      ]
    },
    "node_modules/swytchcode-cli-win32-x64": {
      "version": "2.23.7",
      "resolved": "https://registry.npmjs.org/swytchcode-cli-win32-x64/-/swytchcode-cli-win32-x64-2.23.7.tgz",
      "integrity": "sha512-RJe5rVPtW3nk4Dz4SmrI7B8MFEgDaHwaoa+gp7ZoQQhVMggIpYMm/4KBzqyq8IQP1AS5D7JTLfwcQ7a33xgimg==",
      "cpu": [
        "x64"
      ],
      "optional": true,
      "os": [
        "win32"
      ]
    }
  }
}
